
Microsoft Visual Studio Solution File, Format Version 10.00
# Visual Studio 2008
Project("{FAE04EC0-301F-11D3-BF4B-00C04F79EFBC}") = "unitstest", "unitstest\unitstest.csproj", "{C8D33B12-AE0B-411B-818F-D0F4D6B5B17B}"
EndProject
Project("{FAE04EC0-301F-11D3-BF4B-00C04F79EFBC}") = "unitstest.Web", "unitstest.Web\unitstest.Web.csproj", "{99EE8F6F-F0DE-4F94-96C0-27B9A00BE628}"
EndProject
Global
	GlobalSection(SolutionConfigurationPlatforms) = preSolution
		Debug|Any CPU = Debug|Any CPU
		Release|Any CPU = Release|Any CPU
	EndGlobalSection
	GlobalSection(ProjectConfigurationPlatforms) = postSolution
		{C8D33B12-AE0B-411B-818F-D0F4D6B5B17B}.Debug|Any CPU.ActiveCfg = Debug|Any CPU
		{C8D33B12-AE0B-411B-818F-D0F4D6B5B17B}.Debug|Any CPU.Build.0 = Debug|Any CPU
		{C8D33B12-AE0B-411B-818F-D0F4D6B5B17B}.Release|Any CPU.ActiveCfg = Release|Any CPU
		{C8D33B12-AE0B-411B-818F-D0F4D6B5B17B}.Release|Any CPU.Build.0 = Release|Any CPU
		{99EE8F6F-F0DE-4F94-96C0-27B9A00BE628}.Debug|Any CPU.ActiveCfg = Debug|Any CPU
		{99EE8F6F-F0DE-4F94-96C0-27B9A00BE628}.Debug|Any CPU.Build.0 = Debug|Any CPU
		{99EE8F6F-F0DE-4F94-96C0-27B9A00BE628}.Release|Any CPU.ActiveCfg = Release|Any CPU
		{99EE8F6F-F0DE-4F94-96C0-27B9A00BE628}.Release|Any CPU.Build.0 = Release|Any CPU
	EndGlobalSection
	GlobalSection(SolutionProperties) = preSolution
		HideSolutionNode = FALSE
	EndGlobalSection
	GlobalSection(ExtensibilityGlobals) = postSolution
		VisualSVNWorkingCopyRoot = 
	EndGlobalSection
EndGlobal
